
Microsoft Visual Studio Solution File, Format Version 12.00
# Visual Studio Version 17
VisualStudioVersion = 17.4.33110.190
MinimumVisualStudioVersion = 10.0.40219.1
Project("{9A19103F-16F7-4668-BE54-9A1E7A4F7556}") = "BookLibrary.UI", "BookLibrary.UI\BookLibrary.UI.csproj", "{801BF43B-5BC7-42FA-896C-A573A0DAC6DF}"
EndProject
Project("{9A19103F-16F7-4668-BE54-9A1E7A4F7556}") = "BookLibrary.Storage", "BookLibrary.Storage\BookLibrary.Storage.csproj", "{AFA12587-386D-48A9-AF89-63B6D7DC6593}"
EndProject
Global
	GlobalSection(SolutionConfigurationPlatforms) = preSolution
		Debug|Any CPU = Debug|Any CPU
		Release|Any CPU = Release|Any CPU
	EndGlobalSection
	GlobalSection(ProjectConfigurationPlatforms) = postSolution
		{801BF43B-5BC7-42FA-896C-A573A0DAC6DF}.Debug|Any CPU.ActiveCfg = Debug|Any CPU
		{801BF43B-5BC7-42FA-896C-A573A0DAC6DF}.Debug|Any CPU.Build.0 = Debug|Any CPU
		{801BF43B-5BC7-42FA-896C-A573A0DAC6DF}.Release|Any CPU.ActiveCfg = Release|Any CPU
		{801BF43B-5BC7-42FA-896C-A573A0DAC6DF}.Release|Any CPU.Build.0 = Release|Any CPU
		{AFA12587-386D-48A9-AF89-63B6D7DC6593}.Debug|Any CPU.ActiveCfg = Debug|Any CPU
		{AFA12587-386D-48A9-AF89-63B6D7DC6593}.Debug|Any CPU.Build.0 = Debug|Any CPU
		{AFA12587-386D-48A9-AF89-63B6D7DC6593}.Release|Any CPU.ActiveCfg = Release|Any CPU
		{AFA12587-386D-48A9-AF89-63B6D7DC6593}.Release|Any CPU.Build.0 = Release|Any CPU
	EndGlobalSection
	GlobalSection(SolutionProperties) = preSolution
		HideSolutionNode = FALSE
	EndGlobalSection
	GlobalSection(ExtensibilityGlobals) = postSolution
		SolutionGuid = {82184818-ACE4-4E7D-8C9E-A1F14E012BFD}
	EndGlobalSection
EndGlobal
